
Microsoft Visual Studio Solution File, Format Version 12.00
# Visual Studio Version 16
VisualStudioVersion = 16.0.32228.343
MinimumVisualStudioVersion = 10.0.40219.1
Project("{FAE04EC0-301F-11D3-BF4B-00C04F79EFBC}") = "NPC_Generator_Call_of_Cthulhu", "NPC_Generator_Call_of_Cthulhu\NPC_Generator_Call_of_Cthulhu.csproj", "{F7D8DF74-08E9-499E-835E-BCE3E2F1ADD1}"
EndProject
Project("{FAE04EC0-301F-11D3-BF4B-00C04F79EFBC}") = "NPC_Library", "NPC_Library\NPC_Library.csproj", "{946E2196-FCB0-4E81-8F83-BDF7C8245B86}"
EndProject
Global
	GlobalSection(SolutionConfigurationPlatforms) = preSolution
		Debug|Any CPU = Debug|Any CPU
		Release|Any CPU = Release|Any CPU
	EndGlobalSection
	GlobalSection(ProjectConfigurationPlatforms) = postSolution
		{F7D8DF74-08E9-499E-835E-BCE3E2F1ADD1}.Debug|Any CPU.ActiveCfg = Debug|Any CPU
		{F7D8DF74-08E9-499E-835E-BCE3E2F1ADD1}.Debug|Any CPU.Build.0 = Debug|Any CPU
		{F7D8DF74-08E9-499E-835E-BCE3E2F1ADD1}.Release|Any CPU.ActiveCfg = Release|Any CPU
		{F7D8DF74-08E9-499E-835E-BCE3E2F1ADD1}.Release|Any CPU.Build.0 = Release|Any CPU
		{946E2196-FCB0-4E81-8F83-BDF7C8245B86}.Debug|Any CPU.ActiveCfg = Debug|Any CPU
		{946E2196-FCB0-4E81-8F83-BDF7C8245B86}.Debug|Any CPU.Build.0 = Debug|Any CPU
		{946E2196-FCB0-4E81-8F83-BDF7C8245B86}.Release|Any CPU.ActiveCfg = Release|Any CPU
		{946E2196-FCB0-4E81-8F83-BDF7C8245B86}.Release|Any CPU.Build.0 = Release|Any CPU
	EndGlobalSection
	GlobalSection(SolutionProperties) = preSolution
		HideSolutionNode = FALSE
	EndGlobalSection
	GlobalSection(ExtensibilityGlobals) = postSolution
		SolutionGuid = {D93A2C10-6D2C-4F92-8896-920810D20131}
	EndGlobalSection
EndGlobal
